
Microsoft Visual Studio Solution File, Format Version 12.00
# Visual Studio Version 16
VisualStudioVersion = 16.0.29519.181
MinimumVisualStudioVersion = 10.0.40219.1
Project("{9A19103F-16F7-4668-BE54-9A1E7A4F7556}") = "Borgera.AppModelo", "Borgera.AppModelo\Borgera.AppModelo.csproj", "{A5473073-10B0-4793-9964-4DA6474FD9D3}"
EndProject
Global
	GlobalSection(SolutionConfigurationPlatforms) = preSolution
		Debug|Any CPU = Debug|Any CPU
		Release|Any CPU = Release|Any CPU
	EndGlobalSection
	GlobalSection(ProjectConfigurationPlatforms) = postSolution
		{A5473073-10B0-4793-9964-4DA6474FD9D3}.Debug|Any CPU.ActiveCfg = Debug|Any CPU
		{A5473073-10B0-4793-9964-4DA6474FD9D3}.Debug|Any CPU.Build.0 = Debug|Any CPU
		{A5473073-10B0-4793-9964-4DA6474FD9D3}.Release|Any CPU.ActiveCfg = Release|Any CPU
		{A5473073-10B0-4793-9964-4DA6474FD9D3}.Release|Any CPU.Build.0 = Release|Any CPU
	EndGlobalSection
	GlobalSection(SolutionProperties) = preSolution
		HideSolutionNode = FALSE
	EndGlobalSection
	GlobalSection(ExtensibilityGlobals) = postSolution
		SolutionGuid = {338817C0-48A6-4172-80BA-847595A0805C}
	EndGlobalSection
EndGlobal
